// !$*UTF8*$!
{
	archiveVersion = 1;
	classes = {
	};
	objectVersion = 56;
	objects = {

/* Begin PBXBuildFile section */
		A920420C2D02F0C5006A6CDE /* main.c in Sources */ = {isa = PBXBuildFile; fileRef = A920420B2D02F0C5006A6CDE /* main.c */; };
		A92042132D02F0DE006A6CDE /* libcurl.a in Frameworks */ = {isa = PBXBuildFile; fileRef = A92042122D02F0DE006A6CDE /* libcurl.a */; };
/* End PBXBuildFile section */

/* Begin PBXCopyFilesBuildPhase section */
		A92042062D02F0C5006A6CDE /* CopyFiles */ = {
			isa = PBXCopyFilesBuildPhase;
			buildActionMask = 2147483647;
			dstPath = /usr/share/man/man1/;
			dstSubfolderSpec = 0;
			files = (
			);
			runOnlyForDeploymentPostprocessing = 1;
		};
/* End PBXCopyFilesBuildPhase section */

/* Begin PBXFileReference section */
		A92042082D02F0C5006A6CDE /* test_curl */ = {isa = PBXFileReference; explicitFileType = "compiled.mach-o.executable"; includeInIndex = 0; path = test_curl; sourceTree = BUILT_PRODUCTS_DIR; };
		A920420B2D02F0C5006A6CDE /* main.c */ = {isa = PBXFileReference; lastKnownFileType = sourcecode.c.c; path = main.c; sourceTree = "<group>"; };
		A92042122D02F0DE006A6CDE /* libcurl.a */ = {isa = PBXFileReference; lastKnownFileType = archive.ar; name = libcurl.a; path = ../../curl/macos/libcurl.a; sourceTree = "<group>"; };
		A92042152D02F103006A6CDE /* stdcheaders.h */ = {isa = PBXFileReference; lastKnownFileType = sourcecode.c.h; path = stdcheaders.h; sourceTree = "<group>"; };
		A92042162D02F103006A6CDE /* header.h */ = {isa = PBXFileReference; lastKnownFileType = sourcecode.c.h; path = header.h; sourceTree = "<group>"; };
		A92042172D02F103006A6CDE /* options.h */ = {isa = PBXFileReference; lastKnownFileType = sourcecode.c.h; path = options.h; sourceTree = "<group>"; };
		A92042182D02F103006A6CDE /* mprintf.h */ = {isa = PBXFileReference; lastKnownFileType = sourcecode.c.h; path = mprintf.h; sourceTree = "<group>"; };
		A92042192D02F103006A6CDE /* easy.h */ = {isa = PBXFileReference; lastKnownFileType = sourcecode.c.h; path = easy.h; sourceTree = "<group>"; };
		A920421A2D02F103006A6CDE /* curl.h */ = {isa = PBXFileReference; lastKnownFileType = sourcecode.c.h; path = curl.h; sourceTree = "<group>"; };
		A920421B2D02F103006A6CDE /* websockets.h */ = {isa = PBXFileReference; lastKnownFileType = sourcecode.c.h; path = websockets.h; sourceTree = "<group>"; };
		A920421C2D02F103006A6CDE /* curlver.h */ = {isa = PBXFileReference; lastKnownFileType = sourcecode.c.h; path = curlver.h; sourceTree = "<group>"; };
		A920421D2D02F103006A6CDE /* system.h */ = {isa = PBXFileReference; lastKnownFileType = sourcecode.c.h; path = system.h; sourceTree = "<group>"; };
		A920421E2D02F103006A6CDE /* typecheck-gcc.h */ = {isa = PBXFileReference; lastKnownFileType = sourcecode.c.h; path = "typecheck-gcc.h"; sourceTree = "<group>"; };
		A920421F2D02F103006A6CDE /* multi.h */ = {isa = PBXFileReference; lastKnownFileType = sourcecode.c.h; path = multi.h; sourceTree = "<group>"; };
		A92042202D02F103006A6CDE /* urlapi.h */ = {isa = PBXFileReference; lastKnownFileType = sourcecode.c.h; path = urlapi.h; sourceTree = "<group>"; };
/* End PBXFileReference section */

/* Begin PBXFrameworksBuildPhase section */
		A92042052D02F0C5006A6CDE /* Frameworks */ = {
			isa = PBXFrameworksBuildPhase;
			buildActionMask = 2147483647;
			files = (
				A92042132D02F0DE006A6CDE /* libcurl.a in Frameworks */,
			);
			runOnlyForDeploymentPostprocessing = 0;
		};
/* End PBXFrameworksBuildPhase section */

/* Begin PBXGroup section */
		A92041FF2D02F0C5006A6CDE = {
			isa = PBXGroup;
			children = (
				A920420A2D02F0C5006A6CDE /* test_curl */,
				A92042092D02F0C5006A6CDE /* Products */,
			);
			sourceTree = "<group>";
		};
		A92042092D02F0C5006A6CDE /* Products */ = {
			isa = PBXGroup;
			children = (
				A92042082D02F0C5006A6CDE /* test_curl */,
			);
			name = Products;
			sourceTree = "<group>";
		};
		A920420A2D02F0C5006A6CDE /* test_curl */ = {
			isa = PBXGroup;
			children = (
				A920420B2D02F0C5006A6CDE /* main.c */,
				A92042122D02F0DE006A6CDE /* libcurl.a */,
				A92042142D02F103006A6CDE /* curl */,
			);
			path = test_curl;
			sourceTree = "<group>";
		};
		A92042142D02F103006A6CDE /* curl */ = {
			isa = PBXGroup;
			children = (
				A92042152D02F103006A6CDE /* stdcheaders.h */,
				A92042162D02F103006A6CDE /* header.h */,
				A92042172D02F103006A6CDE /* options.h */,
				A92042182D02F103006A6CDE /* mprintf.h */,
				A92042192D02F103006A6CDE /* easy.h */,
				A920421A2D02F103006A6CDE /* curl.h */,
				A920421B2D02F103006A6CDE /* websockets.h */,
				A920421C2D02F103006A6CDE /* curlver.h */,
				A920421D2D02F103006A6CDE /* system.h */,
				A920421E2D02F103006A6CDE /* typecheck-gcc.h */,
				A920421F2D02F103006A6CDE /* multi.h */,
				A92042202D02F103006A6CDE /* urlapi.h */,
			);
			name = curl;
			path = ../../curl/include/curl;
			sourceTree = "<group>";
		};
/* End PBXGroup section */

/* Begin PBXNativeTarget section */
		A92042072D02F0C5006A6CDE /* test_curl */ = {
			isa = PBXNativeTarget;
			buildConfigurationList = A920420F2D02F0C5006A6CDE /* Build configuration list for PBXNativeTarget "test_curl" */;
			buildPhases = (
				A92042042D02F0C5006A6CDE /* Sources */,
				A92042052D02F0C5006A6CDE /* Frameworks */,
				A92042062D02F0C5006A6CDE /* CopyFiles */,
			);
			buildRules = (
			);
			dependencies = (
			);
			name = test_curl;
			productName = test_curl;
			productReference = A92042082D02F0C5006A6CDE /* test_curl */;
			productType = "com.apple.product-type.tool";
		};
/* End PBXNativeTarget section */

/* Begin PBXProject section */
		A92042002D02F0C5006A6CDE /* Project object */ = {
			isa = PBXProject;
			attributes = {
				BuildIndependentTargetsInParallel = 1;
				LastUpgradeCheck = 1500;
				TargetAttributes = {
					A92042072D02F0C5006A6CDE = {
						CreatedOnToolsVersion = 15.0.1;
					};
				};
			};
			buildConfigurationList = A92042032D02F0C5006A6CDE /* Build configuration list for PBXProject "test_curl" */;
			compatibilityVersion = "Xcode 14.0";
			developmentRegion = en;
			hasScannedForEncodings = 0;
			knownRegions = (
				en,
				Base,
			);
			mainGroup = A92041FF2D02F0C5006A6CDE;
			productRefGroup = A92042092D02F0C5006A6CDE /* Products */;
			projectDirPath = "";
			projectRoot = "";
			targets = (
				A92042072D02F0C5006A6CDE /* test_curl */,
			);
		};
/* End PBXProject section */

/* Begin PBXSourcesBuildPhase section */
		A92042042D02F0C5006A6CDE /* Sources */ = {
			isa = PBXSourcesBuildPhase;
			buildActionMask = 2147483647;
			files = (
				A920420C2D02F0C5006A6CDE /* main.c in Sources */,
			);
			runOnlyForDeploymentPostprocessing = 0;
		};
/* End PBXSourcesBuildPhase section */

/* Begin XCBuildConfiguration section */
		A920420D2D02F0C5006A6CDE /* Debug */ = {
			isa = XCBuildConfiguration;
			buildSettings = {
				ALWAYS_SEARCH_USER_PATHS = NO;
				ASSETCATALOG_COMPILER_GENERATE_SWIFT_ASSET_SYMBOL_EXTENSIONS = YES;
				CLANG_ANALYZER_NONNULL = YES;
				CLANG_ANALYZER_NUMBER_OBJECT_CONVERSION = YES_AGGRESSIVE;
				CLANG_CXX_LANGUAGE_STANDARD = "gnu++20";
				CLANG_ENABLE_MODULES = YES;
				CLANG_ENABLE_OBJC_ARC = YES;
				CLANG_ENABLE_OBJC_WEAK = YES;
				CLANG_WARN_BLOCK_CAPTURE_AUTORELEASING = YES;
				CLANG_WARN_BOOL_CONVERSION = YES;
				CLANG_WARN_COMMA = YES;
				CLANG_WARN_CONSTANT_CONVERSION = YES;
				CLANG_WARN_DEPRECATED_OBJC_IMPLEMENTATIONS = YES;
				CLANG_WARN_DIRECT_OBJC_ISA_USAGE = YES_ERROR;
				CLANG_WARN_DOCUMENTATION_COMMENTS = YES;
				CLANG_WARN_EMPTY_BODY = YES;
				CLANG_WARN_ENUM_CONVERSION = YES;
				CLANG_WARN_INFINITE_RECURSION = YES;
				CLANG_WARN_INT_CONVERSION = YES;
				CLANG_WARN_NON_LITERAL_NULL_CONVERSION = YES;
				CLANG_WARN_OBJC_IMPLICIT_RETAIN_SELF = YES;
				CLANG_WARN_OBJC_LITERAL_CONVERSION = YES;
				CLANG_WARN_OBJC_ROOT_CLASS = YES_ERROR;
				CLANG_WARN_QUOTED_INCLUDE_IN_FRAMEWORK_HEADER = YES;
				CLANG_WARN_RANGE_LOOP_ANALYSIS = YES;
				CLANG_WARN_STRICT_PROTOTYPES = YES;
				CLANG_WARN_SUSPICIOUS_MOVE = YES;
				CLANG_WARN_UNGUARDED_AVAILABILITY = YES_AGGRESSIVE;
				CLANG_WARN_UNREACHABLE_CODE = YES;
				CLANG_WARN__DUPLICATE_METHOD_MATCH = YES;
				COPY_PHASE_STRIP = NO;
				DEBUG_INFORMATION_FORMAT = dwarf;
				ENABLE_STRICT_OBJC_MSGSEND = YES;
				ENABLE_TESTABILITY = YES;
				ENABLE_USER_SCRIPT_SANDBOXING = YES;
				GCC_C_LANGUAGE_STANDARD = gnu17;
				GCC_DYNAMIC_NO_PIC = NO;
				GCC_NO_COMMON_BLOCKS = YES;
				GCC_OPTIMIZATION_LEVEL = 0;
				GCC_PREPROCESSOR_DEFINITIONS = (
					"DEBUG=1",
					"$(inherited)",
				);
				GCC_WARN_64_TO_32_BIT_CONVERSION = YES;
				GCC_WARN_ABOUT_RETURN_TYPE = YES_ERROR;
				GCC_WARN_UNDECLARED_SELECTOR = YES;
				GCC_WARN_UNINITIALIZED_AUTOS = YES_AGGRESSIVE;
				GCC_WARN_UNUSED_FUNCTION = YES;
				GCC_WARN_UNUSED_VARIABLE = YES;
				LOCALIZATION_PREFERS_STRING_CATALOGS = YES;
				MACOSX_DEPLOYMENT_TARGET = 14.0;
				MTL_ENABLE_DEBUG_INFO = INCLUDE_SOURCE;
				MTL_FAST_MATH = YES;
				ONLY_ACTIVE_ARCH = YES;
				SDKROOT = macosx;
			};
			name = Debug;
		};
		A920420E2D02F0C5006A6CDE /* Release */ = {
			isa = XCBuildConfiguration;
			buildSettings = {
				ALWAYS_SEARCH_USER_PATHS = NO;
				ASSETCATALOG_COMPILER_GENERATE_SWIFT_ASSET_SYMBOL_EXTENSIONS = YES;
				CLANG_ANALYZER_NONNULL = YES;
				CLANG_ANALYZER_NUMBER_OBJECT_CONVERSION = YES_AGGRESSIVE;
				CLANG_CXX_LANGUAGE_STANDARD = "gnu++20";
				CLANG_ENABLE_MODULES = YES;
				CLANG_ENABLE_OBJC_ARC = YES;
				CLANG_ENABLE_OBJC_WEAK = YES;
				CLANG_WARN_BLOCK_CAPTURE_AUTORELEASING = YES;
				CLANG_WARN_BOOL_CONVERSION = YES;
				CLANG_WARN_COMMA = YES;
				CLANG_WARN_CONSTANT_CONVERSION = YES;
				CLANG_WARN_DEPRECATED_OBJC_IMPLEMENTATIONS = YES;
				CLANG_WARN_DIRECT_OBJC_ISA_USAGE = YES_ERROR;
				CLANG_WARN_DOCUMENTATION_COMMENTS = YES;
				CLANG_WARN_EMPTY_BODY = YES;
				CLANG_WARN_ENUM_CONVERSION = YES;
				CLANG_WARN_INFINITE_RECURSION = YES;
				CLANG_WARN_INT_CONVERSION = YES;
				CLANG_WARN_NON_LITERAL_NULL_CONVERSION = YES;
				CLANG_WARN_OBJC_IMPLICIT_RETAIN_SELF = YES;
				CLANG_WARN_OBJC_LITERAL_CONVERSION = YES;
				CLANG_WARN_OBJC_ROOT_CLASS = YES_ERROR;
				CLANG_WARN_QUOTED_INCLUDE_IN_FRAMEWORK_HEADER = YES;
				CLANG_WARN_RANGE_LOOP_ANALYSIS = YES;
				CLANG_WARN_STRICT_PROTOTYPES = YES;
				CLANG_WARN_SUSPICIOUS_MOVE = YES;
				CLANG_WARN_UNGUARDED_AVAILABILITY = YES_AGGRESSIVE;
				CLANG_WARN_UNREACHABLE_CODE = YES;
				CLANG_WARN__DUPLICATE_METHOD_MATCH = YES;
				COPY_PHASE_STRIP = NO;
				DEBUG_INFORMATION_FORMAT = "dwarf-with-dsym";
				ENABLE_NS_ASSERTIONS = NO;
				ENABLE_STRICT_OBJC_MSGSEND = YES;
				ENABLE_USER_SCRIPT_SANDBOXING = YES;
				GCC_C_LANGUAGE_STANDARD = gnu17;
				GCC_NO_COMMON_BLOCKS = YES;
				GCC_WARN_64_TO_32_BIT_CONVERSION = YES;
				GCC_WARN_ABOUT_RETURN_TYPE = YES_ERROR;
				GCC_WARN_UNDECLARED_SELECTOR = YES;
				GCC_WARN_UNINITIALIZED_AUTOS = YES_AGGRESSIVE;
				GCC_WARN_UNUSED_FUNCTION = YES;
				GCC_WARN_UNUSED_VARIABLE = YES;
				LOCALIZATION_PREFERS_STRING_CATALOGS = YES;
				MACOSX_DEPLOYMENT_TARGET = 14.0;
				MTL_ENABLE_DEBUG_INFO = NO;
				MTL_FAST_MATH = YES;
				SDKROOT = macosx;
			};
			name = Release;
		};
		A92042102D02F0C5006A6CDE /* Debug */ = {
			isa = XCBuildConfiguration;
			buildSettings = {
				CODE_SIGN_STYLE = Automatic;
				DEVELOPMENT_TEAM = 3ZH6236ET5;
				ENABLE_HARDENED_RUNTIME = YES;
				PRODUCT_NAME = "$(TARGET_NAME)";
			};
			name = Debug;
		};
		A92042112D02F0C5006A6CDE /* Release */ = {
			isa = XCBuildConfiguration;
			buildSettings = {
				CODE_SIGN_STYLE = Automatic;
				DEVELOPMENT_TEAM = 3ZH6236ET5;
				ENABLE_HARDENED_RUNTIME = YES;
				PRODUCT_NAME = "$(TARGET_NAME)";
			};
			name = Release;
		};
/* End XCBuildConfiguration section */

/* Begin XCConfigurationList section */
		A92042032D02F0C5006A6CDE /* Build configuration list for PBXProject "test_curl" */ = {
			isa = XCConfigurationList;
			buildConfigurations = (
				A920420D2D02F0C5006A6CDE /* Debug */,
				A920420E2D02F0C5006A6CDE /* Release */,
			);
			defaultConfigurationIsVisible = 0;
			defaultConfigurationName = Release;
		};
		A920420F2D02F0C5006A6CDE /* Build configuration list for PBXNativeTarget "test_curl" */ = {
			isa = XCConfigurationList;
			buildConfigurations = (
				A92042102D02F0C5006A6CDE /* Debug */,
				A92042112D02F0C5006A6CDE /* Release */,
			);
			defaultConfigurationIsVisible = 0;
			defaultConfigurationName = Release;
		};
/* End XCConfigurationList section */
	};
	rootObject = A92042002D02F0C5006A6CDE /* Project object */;
}
